
Microsoft Visual Studio Solution File, Format Version 12.00
# Visual Studio Version 16
VisualStudioVersion = 16.0.30621.155
MinimumVisualStudioVersion = 10.0.40219.1
Project("{8BC9CEB8-8B4A-11D0-8D11-00A0C91BC942}") = "1.25", "1.25.vcxproj", "{1AF7C5BD-0357-498A-9A20-F5B707BE2FAC}"
EndProject
Global
	GlobalSection(SolutionConfigurationPlatforms) = preSolution
		Debug|x64 = Debug|x64
		Debug|x86 = Debug|x86
		Release|x64 = Release|x64
		Release|x86 = Release|x86
	EndGlobalSection
	GlobalSection(ProjectConfigurationPlatforms) = postSolution
		{1AF7C5BD-0357-498A-9A20-F5B707BE2FAC}.Debug|x64.ActiveCfg = Debug|x64
		{1AF7C5BD-0357-498A-9A20-F5B707BE2FAC}.Debug|x64.Build.0 = Debug|x64
		{1AF7C5BD-0357-498A-9A20-F5B707BE2FAC}.Debug|x86.ActiveCfg = Debug|Win32
		{1AF7C5BD-0357-498A-9A20-F5B707BE2FAC}.Debug|x86.Build.0 = Debug|Win32
		{1AF7C5BD-0357-498A-9A20-F5B707BE2FAC}.Release|x64.ActiveCfg = Release|x64
		{1AF7C5BD-0357-498A-9A20-F5B707BE2FAC}.Release|x64.Build.0 = Release|x64
		{1AF7C5BD-0357-498A-9A20-F5B707BE2FAC}.Release|x86.ActiveCfg = Release|Win32
		{1AF7C5BD-0357-498A-9A20-F5B707BE2FAC}.Release|x86.Build.0 = Release|Win32
	EndGlobalSection
	GlobalSection(SolutionProperties) = preSolution
		HideSolutionNode = FALSE
	EndGlobalSection
	GlobalSection(ExtensibilityGlobals) = postSolution
		SolutionGuid = {2E26C4C7-C97C-4BF6-AFE0-5FC324969C8A}
	EndGlobalSection
EndGlobal
